# This file is automatically @generated by Cargo.
# It is not intended for manual editing.
version = 3

[[package]]
name = "cargo-mutants-testdata-replace-dependency"
version = "0.0.0"
dependencies = [
 "mutants 0.0.3 (registry+https://github.com/rust-lang/crates.io-index)",
]

[[package]]
name = "mutants"
version = "0.0.3"

[[package]]
name = "mutants"
version = "0.0.3"
source = "registry+https://github.com/rust-lang/crates.io-index"
checksum = "bc0287524726960e07b119cebd01678f852f147742ae0d925e6a520dca956126"
replace = "mutants 0.0.3"
